
Microsoft Visual Studio Solution File, Format Version 12.00
Project("{FAE04EC0-301F-11D3-BF4B-00C04F79EFBC}") = "Italbytz.ML.UCIMLR", "Italbytz.ML.UCIMLR\Italbytz.ML.UCIMLR.csproj", "{7F411F31-1B24-43EF-8948-DB73B9A846B0}"
EndProject
Project("{FAE04EC0-301F-11D3-BF4B-00C04F79EFBC}") = "Italbytz.ML.UCIMLR.Tests", "Italbytz.ML.UCIMLR.Tests\Italbytz.ML.UCIMLR.Tests.csproj", "{91A54459-F53C-4A22-BE48-B91E9CD98994}"
EndProject
Global
	GlobalSection(SolutionConfigurationPlatforms) = preSolution
		Debug|Any CPU = Debug|Any CPU
		Release|Any CPU = Release|Any CPU
	EndGlobalSection
	GlobalSection(ProjectConfigurationPlatforms) = postSolution
		{7F411F31-1B24-43EF-8948-DB73B9A846B0}.Debug|Any CPU.ActiveCfg = Debug|Any CPU
		{7F411F31-1B24-43EF-8948-DB73B9A846B0}.Debug|Any CPU.Build.0 = Debug|Any CPU
		{7F411F31-1B24-43EF-8948-DB73B9A846B0}.Release|Any CPU.ActiveCfg = Release|Any CPU
		{7F411F31-1B24-43EF-8948-DB73B9A846B0}.Release|Any CPU.Build.0 = Release|Any CPU
		{91A54459-F53C-4A22-BE48-B91E9CD98994}.Debug|Any CPU.ActiveCfg = Debug|Any CPU
		{91A54459-F53C-4A22-BE48-B91E9CD98994}.Debug|Any CPU.Build.0 = Debug|Any CPU
		{91A54459-F53C-4A22-BE48-B91E9CD98994}.Release|Any CPU.ActiveCfg = Release|Any CPU
		{91A54459-F53C-4A22-BE48-B91E9CD98994}.Release|Any CPU.Build.0 = Release|Any CPU
	EndGlobalSection
EndGlobal
